%{
  "argon2_elixir": {:hex, :argon2_elixir, "2.1.2", "c276b960f0b550a7613a9bebf8e14645ca5eb71a34a1bf0f896fe3511966b051", [:make, :mix], [{:comeonin, "~> 5.1", [hex: :comeonin, repo: "hexpm", optional: false]}, {:elixir_make, "~> 0.5", [hex: :elixir_make, repo: "hexpm", optional: false]}], "hexpm"},
  "bunt": {:hex, :bunt, "0.2.0", "951c6e801e8b1d2cbe58ebbd3e616a869061ddadcc4863d0a2182541acae9a38", [:mix], [], "hexpm"},
  "certifi": {:hex, :certifi, "2.5.1", "867ce347f7c7d78563450a18a6a28a8090331e77fa02380b4a21962a65d36ee5", [:rebar3], [{:parse_trans, "~>3.3", [hex: :parse_trans, repo: "hexpm", optional: false]}], "hexpm"},
  "combine": {:hex, :combine, "0.10.0", "eff8224eeb56498a2af13011d142c5e7997a80c8f5b97c499f84c841032e429f", [:mix], [], "hexpm"},
  "comeonin": {:hex, :comeonin, "5.1.3", "4c9880ed348cc0330c74086b4383ffb0b5a599aa603416497b7374c168cae340", [:mix], [], "hexpm"},
  "con_cache": {:hex, :con_cache, "0.14.0", "863acb90fa08017be3129074993af944cf7a4b6c3ee7c06c5cd0ed6b94fbc223", [:mix], [], "hexpm"},
  "connection": {:hex, :connection, "1.0.4", "a1cae72211f0eef17705aaededacac3eb30e6625b04a6117c1b2db6ace7d5976", [:mix], [], "hexpm"},
  "cowboy": {:hex, :cowboy, "2.7.0", "91ed100138a764355f43316b1d23d7ff6bdb0de4ea618cb5d8677c93a7a2f115", [:rebar3], [{:cowlib, "~> 2.8.0", [hex: :cowlib, repo: "hexpm", optional: false]}, {:ranch, "~> 1.7.1", [hex: :ranch, repo: "hexpm", optional: false]}], "hexpm"},
  "cowlib": {:hex, :cowlib, "2.8.0", "fd0ff1787db84ac415b8211573e9a30a3ebe71b5cbff7f720089972b2319c8a4", [:rebar3], [], "hexpm"},
  "credo": {:hex, :credo, "1.1.5", "caec7a3cadd2e58609d7ee25b3931b129e739e070539ad1a0cd7efeeb47014f4", [:mix], [{:bunt, "~> 0.2.0", [hex: :bunt, repo: "hexpm", optional: false]}, {:jason, "~> 1.0", [hex: :jason, repo: "hexpm", optional: false]}], "hexpm"},
  "crontab": {:hex, :crontab, "1.1.8", "2ce0e74777dfcadb28a1debbea707e58b879e6aa0ffbf9c9bb540887bce43617", [:mix], [{:ecto, "~> 1.0 or ~> 2.0 or ~> 3.0", [hex: :ecto, repo: "hexpm", optional: true]}], "hexpm"},
  "date_time_parser": {:hex, :date_time_parser, "1.0.0-rc.1", "a878cb1ae19810686851dbe4ca865bebc95bbe40b3ebbf4f42d23795df59e289", [:mix], [{:nimble_parsec, "~> 0.5.0", [hex: :nimble_parsec, repo: "hexpm", optional: false]}, {:timex, "~> 3.2", [hex: :timex, repo: "hexpm", optional: false]}], "hexpm"},
  "db_connection": {:hex, :db_connection, "2.0.6", "bde2f85d047969c5b5800cb8f4b3ed6316c8cb11487afedac4aa5f93fd39abfa", [:mix], [{:connection, "~> 1.0.2", [hex: :connection, repo: "hexpm", optional: false]}], "hexpm"},
  "debounce": {:hex, :debounce, "0.1.1", "51e76a43b375d925dcdb7f0a1e74536551f5c2f6f5a33041c9443fc17999a760", [:mix], [], "hexpm"},
  "decimal": {:hex, :decimal, "1.7.0", "30d6b52c88541f9a66637359ddf85016df9eb266170d53105f02e4a67e00c5aa", [:mix], [], "hexpm"},
  "earmark": {:hex, :earmark, "1.4.3", "364ca2e9710f6bff494117dbbd53880d84bebb692dafc3a78eb50aa3183f2bfd", [:mix], [], "hexpm"},
  "elixir_make": {:hex, :elixir_make, "0.6.0", "38349f3e29aff4864352084fc736fa7fa0f2995a819a737554f7ebd28b85aaab", [:mix], [], "hexpm"},
  "event_bus": {:hex, :event_bus, "1.6.1", "07331328b67ccc76d14a12872013464106390abaa47ea0d6a7755e3524899964", [:mix], [], "hexpm"},
  "ex_aws": {:hex, :ex_aws, "2.1.1", "1e4de2106cfbf4e837de41be41cd15813eabc722315e388f0d6bb3732cec47cd", [:mix], [{:configparser_ex, "~> 4.0", [hex: :configparser_ex, repo: "hexpm", optional: true]}, {:hackney, "1.6.3 or 1.6.5 or 1.7.1 or 1.8.6 or ~> 1.9", [hex: :hackney, repo: "hexpm", optional: true]}, {:jsx, "~> 2.8", [hex: :jsx, repo: "hexpm", optional: true]}, {:poison, ">= 1.2.0", [hex: :poison, repo: "hexpm", optional: true]}, {:sweet_xml, "~> 0.6", [hex: :sweet_xml, repo: "hexpm", optional: true]}], "hexpm"},
  "ex_aws_s3": {:hex, :ex_aws_s3, "2.0.2", "c0258bbdfea55de4f98f0b2f0ca61fe402cc696f573815134beb1866e778f47b", [:mix], [{:ex_aws, "~> 2.0", [hex: :ex_aws, repo: "hexpm", optional: false]}, {:sweet_xml, ">= 0.0.0", [hex: :sweet_xml, repo: "hexpm", optional: true]}], "hexpm"},
  "ex_early_ret": {:hex, :ex_early_ret, "0.1.1", "074df99d21f98ff4fa8c8da27135aae6df2e97ce2aa025a68702392bc301432a", [:mix], [], "hexpm"},
  "ex_http_link": {:hex, :ex_http_link, "0.1.2", "65a66617a9834e92d0464adda04d92f80f1c873f691eab8deaa1505c4c3c636e", [:mix], [{:nimble_parsec, "~> 0.5", [hex: :nimble_parsec, repo: "hexpm", optional: false]}], "hexpm"},
  "ex_utils": {:hex, :ex_utils, "0.1.7", "2c133e0bcdc49a858cf8dacf893308ebc05bc5fba501dc3d2935e65365ec0bf3", [:mix], [], "hexpm"},
  "exceptional": {:hex, :exceptional, "2.1.1", "f18f8c1be63aab7fe8f3000cf2a8678936544fc39af1e2bc4a5c3c9e38cd8899", [:mix], [], "hexpm"},
  "file_system": {:git, "https://github.com/falood/file_system", "66bda61ba4edea559fba58a530d32a07c9ce9560", []},
  "floki": {:hex, :floki, "0.23.1", "e100306ce7d8841d70a559748e5091542e2cfc67ffb3ade92b89a8435034dab1", [:mix], [{:html_entities, "~> 0.5.0", [hex: :html_entities, repo: "hexpm", optional: false]}], "hexpm"},
  "gen_stage": {:hex, :gen_stage, "0.14.3", "d0c66f1c87faa301c1a85a809a3ee9097a4264b2edf7644bf5c123237ef732bf", [:mix], [], "hexpm"},
  "gen_state_machine": {:hex, :gen_state_machine, "2.0.5", "9ac15ec6e66acac994cc442dcc2c6f9796cf380ec4b08267223014be1c728a95", [:mix], [], "hexpm"},
  "gettext": {:hex, :gettext, "0.17.1", "8baab33482df4907b3eae22f719da492cee3981a26e649b9c2be1c0192616962", [:mix], [], "hexpm"},
  "hackney": {:hex, :hackney, "1.15.2", "07e33c794f8f8964ee86cebec1a8ed88db5070e52e904b8f12209773c1036085", [:rebar3], [{:certifi, "2.5.1", [hex: :certifi, repo: "hexpm", optional: false]}, {:idna, "6.0.0", [hex: :idna, repo: "hexpm", optional: false]}, {:metrics, "1.0.1", [hex: :metrics, repo: "hexpm", optional: false]}, {:mimerl, "~>1.1", [hex: :mimerl, repo: "hexpm", optional: false]}, {:ssl_verify_fun, "1.1.5", [hex: :ssl_verify_fun, repo: "hexpm", optional: false]}], "hexpm"},
  "hammer": {:hex, :hammer, "6.0.0", "72ec6fff10e9d63856968988a22ee04c4d6d5248071ddccfbda50aa6c455c1d7", [:mix], [{:poolboy, "~> 1.5", [hex: :poolboy, repo: "hexpm", optional: false]}], "hexpm"},
  "html5ever": {:hex, :html5ever, "0.7.0", "9f63ec1c783b2dc9f326840fcc993c01e926dbdef4e51ba1bbe5355993c258b4", [:mix], [{:rustler, "~> 0.18.0", [hex: :rustler, repo: "hexpm", optional: false]}], "hexpm"},
  "html_entities": {:hex, :html_entities, "0.5.0", "40f5c5b9cbe23073b48a4e69c67b6c11974f623a76165e2b92d098c0e88ccb1d", [:mix], [], "hexpm"},
  "html_sanitize_ex": {:hex, :html_sanitize_ex, "1.4.0", "0310d27d7bafb662f30bff22ec732a72414799c83eaf44239781fd23b96216c0", [:mix], [{:mochiweb, "~> 2.15", [hex: :mochiweb, repo: "hexpm", optional: false]}], "hexpm"},
  "idna": {:hex, :idna, "6.0.0", "689c46cbcdf3524c44d5f3dde8001f364cd7608a99556d8fbd8239a5798d4c10", [:rebar3], [{:unicode_util_compat, "0.4.1", [hex: :unicode_util_compat, repo: "hexpm", optional: false]}], "hexpm"},
  "inet_cidr": {:hex, :inet_cidr, "1.0.4", "a05744ab7c221ca8e395c926c3919a821eb512e8f36547c062f62c4ca0cf3d6e", [:mix], [], "hexpm"},
  "jason": {:hex, :jason, "1.1.2", "b03dedea67a99223a2eaf9f1264ce37154564de899fd3d8b9a21b1a6fd64afe7", [:mix], [{:decimal, "~> 1.0", [hex: :decimal, repo: "hexpm", optional: true]}], "hexpm"},
  "libring": {:hex, :libring, "1.4.0", "41246ba2f3fbc76b3971f6bce83119dfec1eee17e977a48d8a9cfaaf58c2a8d6", [:mix], [], "hexpm"},
  "liquid": {:hex, :liquid, "0.9.1", "eef4797f4b8b1cdd14c44d6dcd52bb49df9caf6bcf5dacfd61911fba8b6a628d", [:mix], [{:timex, "~> 3.0", [hex: :timex, repo: "hexpm", optional: false]}], "hexpm"},
  "memento": {:hex, :memento, "0.3.1", "b2909390820550d8b90b68ec96f9e15ff8a45a28b6f97fa4a62ef50e87c2f9d9", [:mix], [], "hexpm"},
  "metrics": {:hex, :metrics, "1.0.1", "25f094dea2cda98213cecc3aeff09e940299d950904393b2a29d191c346a8486", [:rebar3], [], "hexpm"},
  "microformats2": {:git, "https://github.com/ckruse/microformats2-elixir", "4e5709637cfe01fe2c17e563c649f4baca8ca905", []},
  "mime": {:hex, :mime, "1.3.1", "30ce04ab3175b6ad0bdce0035cba77bba68b813d523d1aac73d9781b4d193cf8", [:mix], [], "hexpm"},
  "mimerl": {:hex, :mimerl, "1.2.0", "67e2d3f571088d5cfd3e550c383094b47159f3eee8ffa08e64106cdf5e981be3", [:rebar3], [], "hexpm"},
  "mochiweb": {:hex, :mochiweb, "2.18.0", "eb55f1db3e6e960fac4e6db4e2db9ec3602cc9f30b86cd1481d56545c3145d2e", [:rebar3], [], "hexpm"},
  "msgpax": {:hex, :msgpax, "2.2.4", "7b3790ef684089076b63c0f08c2f4b079c6311daeb006b69e4ed2bf67518291e", [:mix], [{:plug, "~> 1.0", [hex: :plug, repo: "hexpm", optional: true]}], "hexpm"},
  "nanoid": {:hex, :nanoid, "2.0.2", "f3f7b4bf103ab6667f22beb00b6315825ee3f30100dd2c93d534e5c02164e857", [:mix], [], "hexpm"},
  "nimble_parsec": {:hex, :nimble_parsec, "0.5.2", "1d71150d5293d703a9c38d4329da57d3935faed2031d64bc19e77b654ef2d177", [:mix], [], "hexpm"},
  "observer_cli": {:hex, :observer_cli, "1.5.3", "d42e20054116c49d5242d3ff9e1913acccebe6015f449d6e312a5bc160e79a62", [:mix, :rebar3], [{:recon, "~>2.5.0", [hex: :recon, repo: "hexpm", optional: false]}], "hexpm"},
  "parse_trans": {:hex, :parse_trans, "3.3.0", "09765507a3c7590a784615cfd421d101aec25098d50b89d7aa1d66646bc571c1", [:rebar3], [], "hexpm"},
  "phoenix_html": {:hex, :phoenix_html, "2.13.3", "850e292ff6e204257f5f9c4c54a8cb1f6fbc16ed53d360c2b780a3d0ba333867", [:mix], [{:plug, "~> 1.5", [hex: :plug, repo: "hexpm", optional: false]}], "hexpm"},
  "plug": {:hex, :plug, "1.8.3", "12d5f9796dc72e8ac9614e94bda5e51c4c028d0d428e9297650d09e15a684478", [:mix], [{:mime, "~> 1.0", [hex: :mime, repo: "hexpm", optional: false]}, {:plug_crypto, "~> 1.0", [hex: :plug_crypto, repo: "hexpm", optional: false]}, {:telemetry, "~> 0.4", [hex: :telemetry, repo: "hexpm", optional: true]}], "hexpm"},
  "plug_cowboy": {:hex, :plug_cowboy, "2.1.0", "b75768153c3a8a9e8039d4b25bb9b14efbc58e9c4a6e6a270abff1cd30cbe320", [:mix], [{:cowboy, "~> 2.5", [hex: :cowboy, repo: "hexpm", optional: false]}, {:plug, "~> 1.7", [hex: :plug, repo: "hexpm", optional: false]}], "hexpm"},
  "plug_crypto": {:hex, :plug_crypto, "1.0.0", "18e49317d3fa343f24620ed22795ec29d4a5e602d52d1513ccea0b07d8ea7d4d", [:mix], [], "hexpm"},
  "plug_micropub": {:git, "https://github.com/bismark/plug_micropub", "c6976ac9510035a78a6b1d1fa2e469cb94aa3248", []},
  "poolboy": {:hex, :poolboy, "1.5.2", "392b007a1693a64540cead79830443abf5762f5d30cf50bc95cb2c1aaafa006b", [:rebar3], [], "hexpm"},
  "quantum": {:hex, :quantum, "2.3.4", "72a0e8855e2adc101459eac8454787cb74ab4169de6ca50f670e72142d4960e9", [:mix], [{:calendar, "~> 0.17", [hex: :calendar, repo: "hexpm", optional: true]}, {:crontab, "~> 1.1", [hex: :crontab, repo: "hexpm", optional: false]}, {:gen_stage, "~> 0.12", [hex: :gen_stage, repo: "hexpm", optional: false]}, {:swarm, "~> 3.3", [hex: :swarm, repo: "hexpm", optional: false]}, {:timex, "~> 3.1", [hex: :timex, repo: "hexpm", optional: true]}], "hexpm"},
  "que": {:git, "https://github.com/sheharyarn/que", "23bb7f855d9b608c3fe865afd1e34f339dd82512", []},
  "ranch": {:hex, :ranch, "1.7.1", "6b1fab51b49196860b733a49c07604465a47bdb78aa10c1c16a3d199f7f8c881", [:rebar3], [], "hexpm"},
  "recon": {:hex, :recon, "2.5.0", "2f7fcbec2c35034bade2f9717f77059dc54eb4e929a3049ca7ba6775c0bd66cd", [:mix, :rebar3], [], "hexpm"},
  "remote_ip": {:hex, :remote_ip, "0.2.0", "6a40b87bc06fb33c71e423e4f2cdc76e45d42326508b4f9aaef6ff576190443d", [:mix], [{:combine, "~> 0.10", [hex: :combine, repo: "hexpm", optional: false]}, {:inet_cidr, "~> 1.0", [hex: :inet_cidr, repo: "hexpm", optional: false]}, {:plug, "~> 1.5", [hex: :plug, repo: "hexpm", optional: false]}], "hexpm"},
  "rustled_syntect": {:hex, :rustled_syntect, "0.1.1", "d2d5922a5ba52e7ab47b5a7ae34fcd52bb8bc308fa978f36280db99e64f42277", [:mix], [{:rustler, "~> 0.20.0", [hex: :rustler, repo: "hexpm", optional: false]}], "hexpm"},
  "rustler": {:hex, :rustler, "0.21.0", "68cc4fc015d0b9541865ea78e78e9ef2dd91ee4be80bf543fd15791102a45aca", [:mix], [{:toml, "~> 0.5.2", [hex: :toml, repo: "hexpm", optional: false]}], "hexpm"},
  "slugger": {:hex, :slugger, "0.3.0", "efc667ab99eee19a48913ccf3d038b1fb9f165fa4fbf093be898b8099e61b6ed", [:mix], [], "hexpm"},
  "sse": {:hex, :sse, "0.4.0", "f17affacbc4618bac07590eec7bff849aa27d1f71bb3d41da3fd3cb255d16910", [:mix], [{:event_bus, ">= 1.6.0", [hex: :event_bus, repo: "hexpm", optional: false]}, {:plug, ">= 1.4.5", [hex: :plug, repo: "hexpm", optional: false]}], "hexpm"},
  "ssl_verify_fun": {:hex, :ssl_verify_fun, "1.1.5", "6eaf7ad16cb568bb01753dbbd7a95ff8b91c7979482b95f38443fe2c8852a79b", [:make, :mix, :rebar3], [], "hexpm"},
  "swarm": {:hex, :swarm, "3.4.0", "64f8b30055d74640d2186c66354b33b999438692a91be275bb89cdc7e401f448", [:mix], [{:gen_state_machine, "~> 2.0", [hex: :gen_state_machine, repo: "hexpm", optional: false]}, {:libring, "~> 1.0", [hex: :libring, repo: "hexpm", optional: false]}], "hexpm"},
  "sweet_xml": {:hex, :sweet_xml, "0.6.6", "fc3e91ec5dd7c787b6195757fbcf0abc670cee1e4172687b45183032221b66b8", [:mix], [], "hexpm"},
  "taggart": {:hex, :taggart, "0.1.5", "c0e2a86a08ccebccae7a7d6ae4db1aba89689d1bf1f61d07e88d4f36839cfc44", [:mix], [{:floki, "~> 0.17", [hex: :floki, repo: "hexpm", optional: true]}, {:phoenix_html, "~> 2.10", [hex: :phoenix_html, repo: "hexpm", optional: false]}], "hexpm"},
  "telemetry": {:hex, :telemetry, "0.4.0", "8339bee3fa8b91cb84d14c2935f8ecf399ccd87301ad6da6b71c09553834b2ab", [:rebar3], [], "hexpm"},
  "tesla": {:hex, :tesla, "1.3.0", "f35d72f029e608f9cdc6f6d6fcc7c66cf6d6512a70cfef9206b21b8bd0203a30", [:mix], [{:castore, "~> 0.1", [hex: :castore, repo: "hexpm", optional: true]}, {:exjsx, ">= 3.0.0", [hex: :exjsx, repo: "hexpm", optional: true]}, {:fuse, "~> 2.4", [hex: :fuse, repo: "hexpm", optional: true]}, {:gun, "~> 1.3", [hex: :gun, repo: "hexpm", optional: true]}, {:hackney, "~> 1.6", [hex: :hackney, repo: "hexpm", optional: true]}, {:ibrowse, "~> 4.4.0", [hex: :ibrowse, repo: "hexpm", optional: true]}, {:jason, ">= 1.0.0", [hex: :jason, repo: "hexpm", optional: true]}, {:mime, "~> 1.0", [hex: :mime, repo: "hexpm", optional: false]}, {:mint, "~> 0.4", [hex: :mint, repo: "hexpm", optional: true]}, {:poison, ">= 1.0.0", [hex: :poison, repo: "hexpm", optional: true]}, {:telemetry, "~> 0.3", [hex: :telemetry, repo: "hexpm", optional: true]}], "hexpm"},
  "timber": {:hex, :timber, "3.1.2", "12c3fed5cef790619a89e0d80a24560650c6644b88e0188cca919de5faf5d239", [:mix], [{:hackney, "~> 1.9", [hex: :hackney, repo: "hexpm", optional: false]}, {:jason, "~> 1.1", [hex: :jason, repo: "hexpm", optional: false]}, {:msgpax, "~> 2.2", [hex: :msgpax, repo: "hexpm", optional: false]}], "hexpm"},
  "timber_exceptions": {:hex, :timber_exceptions, "2.1.0", "0048afd74074b1ef7f1ee88d3baf711f16700bf80a79ad13584d0a6beb5cc031", [:mix], [{:timber, "~> 3.1", [hex: :timber, repo: "hexpm", optional: false]}], "hexpm"},
  "timber_plug": {:hex, :timber_plug, "1.1.0", "d4c950b943775006e61ca0b6176ef7c056462df281cf48145282989e680018cc", [:mix], [{:plug, "~> 1.2", [hex: :plug, repo: "hexpm", optional: false]}, {:timber, "~> 3.1", [hex: :timber, repo: "hexpm", optional: false]}], "hexpm"},
  "timex": {:hex, :timex, "3.6.1", "efdf56d0e67a6b956cc57774353b0329c8ab7726766a11547e529357ffdc1d56", [:mix], [{:combine, "~> 0.10", [hex: :combine, repo: "hexpm", optional: false]}, {:gettext, "~> 0.10", [hex: :gettext, repo: "hexpm", optional: false]}, {:tzdata, "~> 0.1.8 or ~> 0.5 or ~> 1.0.0", [hex: :tzdata, repo: "hexpm", optional: false]}], "hexpm"},
  "toml": {:hex, :toml, "0.5.2", "e471388a8726d1ce51a6b32f864b8228a1eb8edc907a0edf2bb50eab9321b526", [:mix], [], "hexpm"},
  "tzdata": {:hex, :tzdata, "1.0.2", "6c4242c93332b8590a7979eaf5e11e77d971e579805c44931207e32aa6ad3db1", [:mix], [{:hackney, "~> 1.0", [hex: :hackney, repo: "hexpm", optional: false]}], "hexpm"},
  "unicode_util_compat": {:hex, :unicode_util_compat, "0.4.1", "d869e4c68901dd9531385bb0c8c40444ebf624e60b6962d95952775cac5e90cd", [:rebar3], [], "hexpm"},
}
